Microsoft Visual Studio Solution File, Format Version 12.00
# Visual Studio Version 17
VisualStudioVersion = 17.5.2.0
MinimumVisualStudioVersion = 10.0.40219.1
Project("{FAE04EC0-301F-11D3-BF4B-00C04F79EFBC}") = "TaskTracer.Api", "TaskTracer.Api.csproj", "{CCFE3B8B-0F1E-558E-C5A5-18FF3FD80306}"
EndProject
Global
	GlobalSection(SolutionConfigurationPlatforms) = preSolution
		Debug|Any CPU = Debug|Any CPU
		Release|Any CPU = Release|Any CPU
	EndGlobalSection
	GlobalSection(ProjectConfigurationPlatforms) = postSolution
		{CCFE3B8B-0F1E-558E-C5A5-18FF3FD80306}.Debug|Any CPU.ActiveCfg = Debug|Any CPU
		{CCFE3B8B-0F1E-558E-C5A5-18FF3FD80306}.Debug|Any CPU.Build.0 = Debug|Any CPU
		{CCFE3B8B-0F1E-558E-C5A5-18FF3FD80306}.Release|Any CPU.ActiveCfg = Release|Any CPU
		{CCFE3B8B-0F1E-558E-C5A5-18FF3FD80306}.Release|Any CPU.Build.0 = Release|Any CPU
	EndGlobalSection
	GlobalSection(SolutionProperties) = preSolution
		HideSolutionNode = FALSE
	EndGlobalSection
	GlobalSection(ExtensibilityGlobals) = postSolution
		SolutionGuid = {7E16E77C-E89C-4461-82A0-6FF5977D4081}
	EndGlobalSection
EndGlobal
